// !$*UTF8*$!
{
	archiveVersion = 1;
	classes = {
	};
	objectVersion = 46;
	objects = {

/* Begin PBXBuildFile section */
		61091D5E1CDAF8E4008B7EA3 /* AppDelegate.swift in Sources */ = {isa = PBXBuildFile; fileRef = 61091D5D1CDAF8E4008B7EA3 /* AppDelegate.swift */; };
		61091D601CDAF8E4008B7EA3 /* ViewController.swift in Sources */ = {isa = PBXBuildFile; fileRef = 61091D5F1CDAF8E4008B7EA3 /* ViewController.swift */; };
		61091D631CDAF8E4008B7EA3 /* Main.storyboard in Resources */ = {isa = PBXBuildFile; fileRef = 61091D611CDAF8E4008B7EA3 /* Main.storyboard */; };
		61091D651CDAF8E4008B7EA3 /* Assets.xcassets in Resources */ = {isa = PBXBuildFile; fileRef = 61091D641CDAF8E4008B7EA3 /* Assets.xcassets */; };
		61091D681CDAF8E4008B7EA3 /* LaunchScreen.storyboard in Resources */ = {isa = PBXBuildFile; fileRef = 61091D661CDAF8E4008B7EA3 /* LaunchScreen.storyboard */; };
		61091D721CDAFCDA008B7EA3 /* ImageDownloader.swift in Sources */ = {isa = PBXBuildFile; fileRef = 61091D711CDAFCDA008B7EA3 /* ImageDownloader.swift */; };
/* End PBXBuildFile section */

/* Begin PBXFileReference section */
		61091D5A1CDAF8E4008B7EA3 /* CYUtilProjectSwift.app */ = {isa = PBXFileReference; explicitFileType = wrapper.application; includeInIndex = 0; path = CYUtilProjectSwift.app; sourceTree = BUILT_PRODUCTS_DIR; };
		61091D5D1CDAF8E4008B7EA3 /* AppDelegate.swift */ = {isa = PBXFileReference; lastKnownFileType = sourcecode.swift; path = AppDelegate.swift; sourceTree = "<group>"; };
		61091D5F1CDAF8E4008B7EA3 /* ViewController.swift */ = {isa = PBXFileReference; lastKnownFileType = sourcecode.swift; path = ViewController.swift; sourceTree = "<group>"; };
		61091D621CDAF8E4008B7EA3 /* Base */ = {isa = PBXFileReference; lastKnownFileType = file.storyboard; name = Base; path = Base.lproj/Main.storyboard; sourceTree = "<group>"; };
		61091D641CDAF8E4008B7EA3 /* Assets.xcassets */ = {isa = PBXFileReference; lastKnownFileType = folder.assetcatalog; path = Assets.xcassets; sourceTree = "<group>"; };
		61091D671CDAF8E4008B7EA3 /* Base */ = {isa = PBXFileReference; lastKnownFileType = file.storyboard; name = Base; path = Base.lproj/LaunchScreen.storyboard; sourceTree = "<group>"; };
		61091D691CDAF8E4008B7EA3 /* Info.plist */ = {isa = PBXFileReference; lastKnownFileType = text.plist.xml; path = Info.plist; sourceTree = "<group>"; };
		61091D711CDAFCDA008B7EA3 /* ImageDownloader.swift */ = {isa = PBXFileReference; fileEncoding = 4; lastKnownFileType = sourcecode.swift; path = ImageDownloader.swift; sourceTree = "<group>"; };
/* End PBXFileReference section */

/* Begin PBXFrameworksBuildPhase section */
		61091D571CDAF8E4008B7EA3 /* Frameworks */ = {
			isa = PBXFrameworksBuildPhase;
			buildActionMask = 2147483647;
			files = (
			);
			runOnlyForDeploymentPostprocessing = 0;
		};
/* End PBXFrameworksBuildPhase section */

/* Begin PBXGroup section */
		61091D511CDAF8E4008B7EA3 = {
			isa = PBXGroup;
			children = (
				61091D5C1CDAF8E4008B7EA3 /* CYUtilProjectSwift */,
				61091D5B1CDAF8E4008B7EA3 /* Products */,
			);
			sourceTree = "<group>";
		};
		61091D5B1CDAF8E4008B7EA3 /* Products */ = {
			isa = PBXGroup;
			children = (
				61091D5A1CDAF8E4008B7EA3 /* CYUtilProjectSwift.app */,
			);
			name = Products;
			sourceTree = "<group>";
		};
		61091D5C1CDAF8E4008B7EA3 /* CYUtilProjectSwift */ = {
			isa = PBXGroup;
			children = (
				61091D6F1CDAFCB0008B7EA3 /* CYUtils */,
				61091D5D1CDAF8E4008B7EA3 /* AppDelegate.swift */,
				61091D5F1CDAF8E4008B7EA3 /* ViewController.swift */,
				61091D611CDAF8E4008B7EA3 /* Main.storyboard */,
				61091D641CDAF8E4008B7EA3 /* Assets.xcassets */,
				61091D661CDAF8E4008B7EA3 /* LaunchScreen.storyboard */,
				61091D691CDAF8E4008B7EA3 /* Info.plist */,
			);
			path = CYUtilProjectSwift;
			sourceTree = "<group>";
		};
		61091D6F1CDAFCB0008B7EA3 /* CYUtils */ = {
			isa = PBXGroup;
			children = (
				61091D701CDAFCB0008B7EA3 /* CYCache */,
			);
			path = CYUtils;
			sourceTree = SOURCE_ROOT;
		};
		61091D701CDAFCB0008B7EA3 /* CYCache */ = {
			isa = PBXGroup;
			children = (
				61091D711CDAFCDA008B7EA3 /* ImageDownloader.swift */,
			);
			path = CYCache;
			sourceTree = "<group>";
		};
/* End PBXGroup section */

/* Begin PBXNativeTarget section */
		61091D591CDAF8E4008B7EA3 /* CYUtilProjectSwift */ = {
			isa = PBXNativeTarget;
			buildConfigurationList = 61091D6C1CDAF8E4008B7EA3 /* Build configuration list for PBXNativeTarget "CYUtilProjectSwift" */;
			buildPhases = (
				61091D561CDAF8E4008B7EA3 /* Sources */,
				61091D571CDAF8E4008B7EA3 /* Frameworks */,
				61091D581CDAF8E4008B7EA3 /* Resources */,
			);
			buildRules = (
			);
			dependencies = (
			);
			name = CYUtilProjectSwift;
			productName = CYUtilProjectSwift;
			productReference = 61091D5A1CDAF8E4008B7EA3 /* CYUtilProjectSwift.app */;
			productType = "com.apple.product-type.application";
		};
/* End PBXNativeTarget section */

/* Begin PBXProject section */
		61091D521CDAF8E4008B7EA3 /* Project object */ = {
			isa = PBXProject;
			attributes = {
				LastSwiftUpdateCheck = 0730;
				LastUpgradeCheck = 0730;
				ORGANIZATIONNAME = Jasper;
				TargetAttributes = {
					61091D591CDAF8E4008B7EA3 = {
						CreatedOnToolsVersion = 7.3;
					};
				};
			};
			buildConfigurationList = 61091D551CDAF8E4008B7EA3 /* Build configuration list for PBXProject "CYUtilProjectSwift" */;
			compatibilityVersion = "Xcode 3.2";
			developmentRegion = English;
			hasScannedForEncodings = 0;
			knownRegions = (
				en,
				Base,
			);
			mainGroup = 61091D511CDAF8E4008B7EA3;
			productRefGroup = 61091D5B1CDAF8E4008B7EA3 /* Products */;
			projectDirPath = "";
			projectRoot = "";
			targets = (
				61091D591CDAF8E4008B7EA3 /* CYUtilProjectSwift */,
			);
		};
/* End PBXProject section */

/* Begin PBXResourcesBuildPhase section */
		61091D581CDAF8E4008B7EA3 /* Resources */ = {
			isa = PBXResourcesBuildPhase;
			buildActionMask = 2147483647;
			files = (
				61091D681CDAF8E4008B7EA3 /* LaunchScreen.storyboard in Resources */,
				61091D651CDAF8E4008B7EA3 /* Assets.xcassets in Resources */,
				61091D631CDAF8E4008B7EA3 /* Main.storyboard in Resources */,
			);
			runOnlyForDeploymentPostprocessing = 0;
		};
/* End PBXResourcesBuildPhase section */

/* Begin PBXSourcesBuildPhase section */
		61091D561CDAF8E4008B7EA3 /* Sources */ = {
			isa = PBXSourcesBuildPhase;
			buildActionMask = 2147483647;
			files = (
				61091D601CDAF8E4008B7EA3 /* ViewController.swift in Sources */,
				61091D721CDAFCDA008B7EA3 /* ImageDownloader.swift in Sources */,
				61091D5E1CDAF8E4008B7EA3 /* AppDelegate.swift in Sources */,
			);
			runOnlyForDeploymentPostprocessing = 0;
		};
/* End PBXSourcesBuildPhase section */

/* Begin PBXVariantGroup section */
		61091D611CDAF8E4008B7EA3 /* Main.storyboard */ = {
			isa = PBXVariantGroup;
			children = (
				61091D621CDAF8E4008B7EA3 /* Base */,
			);
			name = Main.storyboard;
			sourceTree = "<group>";
		};
		61091D661CDAF8E4008B7EA3 /* LaunchScreen.storyboard */ = {
			isa = PBXVariantGroup;
			children = (
				61091D671CDAF8E4008B7EA3 /* Base */,
			);
			name = LaunchScreen.storyboard;
			sourceTree = "<group>";
		};
/* End PBXVariantGroup section */

/* Begin XCBuildConfiguration section */
		61091D6A1CDAF8E4008B7EA3 /* Debug */ = {
			isa = XCBuildConfiguration;
			buildSettings = {
				ALWAYS_SEARCH_USER_PATHS = NO;
				CLANG_ANALYZER_NONNULL = YES;
				CLANG_CXX_LANGUAGE_STANDARD = "gnu++0x";
				CLANG_CXX_LIBRARY = "libc++";
				CLANG_ENABLE_MODULES = YES;
				CLANG_ENABLE_OBJC_ARC = YES;
				CLANG_WARN_BOOL_CONVERSION = YES;
				CLANG_WARN_CONSTANT_CONVERSION = YES;
				CLANG_WARN_DIRECT_OBJC_ISA_USAGE = YES_ERROR;
				CLANG_WARN_EMPTY_BODY = YES;
				CLANG_WARN_ENUM_CONVERSION = YES;
				CLANG_WARN_INT_CONVERSION = YES;
				CLANG_WARN_OBJC_ROOT_CLASS = YES_ERROR;
				CLANG_WARN_UNREACHABLE_CODE = YES;
				CLANG_WARN__DUPLICATE_METHOD_MATCH = YES;
				"CODE_SIGN_IDENTITY[sdk=iphoneos*]" = "iPhone Developer";
				COPY_PHASE_STRIP = NO;
				DEBUG_INFORMATION_FORMAT = dwarf;
				ENABLE_STRICT_OBJC_MSGSEND = YES;
				ENABLE_TESTABILITY = YES;
				GCC_C_LANGUAGE_STANDARD = gnu99;
				GCC_DYNAMIC_NO_PIC = NO;
				GCC_NO_COMMON_BLOCKS = YES;
				GCC_OPTIMIZATION_LEVEL = 0;
				GCC_PREPROCESSOR_DEFINITIONS = (
					"DEBUG=1",
					"$(inherited)",
				);
				GCC_WARN_64_TO_32_BIT_CONVERSION = YES;
				GCC_WARN_ABOUT_RETURN_TYPE = YES_ERROR;
				GCC_WARN_UNDECLARED_SELECTOR = YES;
				GCC_WARN_UNINITIALIZED_AUTOS = YES_AGGRESSIVE;
				GCC_WARN_UNUSED_FUNCTION = YES;
				GCC_WARN_UNUSED_VARIABLE = YES;
				IPHONEOS_DEPLOYMENT_TARGET = 9.3;
				MTL_ENABLE_DEBUG_INFO = YES;
				ONLY_ACTIVE_ARCH = YES;
				SDKROOT = iphoneos;
				SWIFT_OPTIMIZATION_LEVEL = "-Onone";
				TARGETED_DEVICE_FAMILY = "1,2";
			};
			name = Debug;
		};
		61091D6B1CDAF8E4008B7EA3 /* Release */ = {
			isa = XCBuildConfiguration;
			buildSettings = {
				ALWAYS_SEARCH_USER_PATHS = NO;
				CLANG_ANALYZER_NONNULL = YES;
				CLANG_CXX_LANGUAGE_STANDARD = "gnu++0x";
				CLANG_CXX_LIBRARY = "libc++";
				CLANG_ENABLE_MODULES = YES;
				CLANG_ENABLE_OBJC_ARC = YES;
				CLANG_WARN_BOOL_CONVERSION = YES;
				CLANG_WARN_CONSTANT_CONVERSION = YES;
				CLANG_WARN_DIRECT_OBJC_ISA_USAGE = YES_ERROR;
				CLANG_WARN_EMPTY_BODY = YES;
				CLANG_WARN_ENUM_CONVERSION = YES;
				CLANG_WARN_INT_CONVERSION = YES;
				CLANG_WARN_OBJC_ROOT_CLASS = YES_ERROR;
				CLANG_WARN_UNREACHABLE_CODE = YES;
				CLANG_WARN__DUPLICATE_METHOD_MATCH = YES;
				"CODE_SIGN_IDENTITY[sdk=iphoneos*]" = "iPhone Developer";
				COPY_PHASE_STRIP = NO;
				DEBUG_INFORMATION_FORMAT = "dwarf-with-dsym";
				ENABLE_NS_ASSERTIONS = NO;
				ENABLE_STRICT_OBJC_MSGSEND = YES;
				GCC_C_LANGUAGE_STANDARD = gnu99;
				GCC_NO_COMMON_BLOCKS = YES;
				GCC_WARN_64_TO_32_BIT_CONVERSION = YES;
				GCC_WARN_ABOUT_RETURN_TYPE = YES_ERROR;
				GCC_WARN_UNDECLARED_SELECTOR = YES;
				GCC_WARN_UNINITIALIZED_AUTOS = YES_AGGRESSIVE;
				GCC_WARN_UNUSED_FUNCTION = YES;
				GCC_WARN_UNUSED_VARIABLE = YES;
				IPHONEOS_DEPLOYMENT_TARGET = 9.3;
				MTL_ENABLE_DEBUG_INFO = NO;
				SDKROOT = iphoneos;
				TARGETED_DEVICE_FAMILY = "1,2";
				VALIDATE_PRODUCT = YES;
			};
			name = Release;
		};
		61091D6D1CDAF8E4008B7EA3 /* Debug */ = {
			isa = XCBuildConfiguration;
			buildSettings = {
				ASSETCATALOG_COMPILER_APPICON_NAME = AppIcon;
				INFOPLIST_FILE = CYUtilProjectSwift/Info.plist;
				IPHONEOS_DEPLOYMENT_TARGET = 8.0;
				LD_RUNPATH_SEARCH_PATHS = "$(inherited) @executable_path/Frameworks";
				PRODUCT_BUNDLE_IDENTIFIER = com.Jasper.CYUtilProjectSwift;
				PRODUCT_NAME = "$(TARGET_NAME)";
			};
			name = Debug;
		};
		61091D6E1CDAF8E4008B7EA3 /* Release */ = {
			isa = XCBuildConfiguration;
			buildSettings = {
				ASSETCATALOG_COMPILER_APPICON_NAME = AppIcon;
				INFOPLIST_FILE = CYUtilProjectSwift/Info.plist;
				IPHONEOS_DEPLOYMENT_TARGET = 8.0;
				LD_RUNPATH_SEARCH_PATHS = "$(inherited) @executable_path/Frameworks";
				PRODUCT_BUNDLE_IDENTIFIER = com.Jasper.CYUtilProjectSwift;
				PRODUCT_NAME = "$(TARGET_NAME)";
			};
			name = Release;
		};
/* End XCBuildConfiguration section */

/* Begin XCConfigurationList section */
		61091D551CDAF8E4008B7EA3 /* Build configuration list for PBXProject "CYUtilProjectSwift" */ = {
			isa = XCConfigurationList;
			buildConfigurations = (
				61091D6A1CDAF8E4008B7EA3 /* Debug */,
				61091D6B1CDAF8E4008B7EA3 /* Release */,
			);
			defaultConfigurationIsVisible = 0;
			defaultConfigurationName = Release;
		};
		61091D6C1CDAF8E4008B7EA3 /* Build configuration list for PBXNativeTarget "CYUtilProjectSwift" */ = {
			isa = XCConfigurationList;
			buildConfigurations = (
				61091D6D1CDAF8E4008B7EA3 /* Debug */,
				61091D6E1CDAF8E4008B7EA3 /* Release */,
			);
			defaultConfigurationIsVisible = 0;
		};
/* End XCConfigurationList section */
	};
	rootObject = 61091D521CDAF8E4008B7EA3 /* Project object */;
}
