// !$*UTF8*$!
{
	archiveVersion = 1;
	classes = {
	};
	objectVersion = 46;
	objects = {

/* Begin PBXBuildFile section */
		61091D5E1CDAF8E4008B7EA3 /* AppDelegate.swift in Sources */ = {isa = PBXBuildFile; fileRef = 61091D5D1CDAF8E4008B7EA3 /* AppDelegate.swift */; };
		61091D601CDAF8E4008B7EA3 /* ViewController.swift in Sources */ = {isa = PBXBuildFile; fileRef = 61091D5F1CDAF8E4008B7EA3 /* ViewController.swift */; };
		61091D631CDAF8E4008B7EA3 /* Main.storyboard in Resources */ = {isa = PBXBuildFile; fileRef = 61091D611CDAF8E4008B7EA3 /* Main.storyboard */; };
		61091D651CDAF8E4008B7EA3 /* Assets.xcassets in Resources */ = {isa = PBXBuildFile; fileRef = 61091D641CDAF8E4008B7EA3 /* Assets.xcassets */; };
		61091D681CDAF8E4008B7EA3 /* LaunchScreen.storyboard in Resources */ = {isa = PBXBuildFile; fileRef = 61091D661CDAF8E4008B7EA3 /* LaunchScreen.storyboard */; };
		61091D721CDAFCDA008B7EA3 /* ImageDownloader.swift in Sources */ = {isa = PBXBuildFile; fileRef = 61091D711CDAFCDA008B7EA3 /* ImageDownloader.swift */; };
		A306D5631CE330A8008341F3 /* CYAlertViewAction.swift in Sources */ = {isa = PBXBuildFile; fileRef = A306D5621CE330A8008341F3 /* CYAlertViewAction.swift */; };
		A30EA3D21CFED40F006FEF23 /* CYAudioPlayUtils.swift in Sources */ = {isa = PBXBuildFile; fileRef = A30EA3D11CFED40F006FEF23 /* CYAudioPlayUtils.swift */; };
		A30EA3D41CFEE023006FEF23 /* CYAudioRecordUtils.swift in Sources */ = {isa = PBXBuildFile; fileRef = A30EA3D31CFEE023006FEF23 /* CYAudioRecordUtils.swift */; };
		A32F8C9B1F31C0AA003BA93B /* FloatingView.swift in Sources */ = {isa = PBXBuildFile; fileRef = A32F8C9A1F31C0AA003BA93B /* FloatingView.swift */; };
		A32F8C9D1F31CB12003BA93B /* logo5858.png in Resources */ = {isa = PBXBuildFile; fileRef = A32F8C9C1F31CB12003BA93B /* logo5858.png */; };
		A32F8C9F1F31CBC2003BA93B /* FloatingViewTestViewController.swift in Sources */ = {isa = PBXBuildFile; fileRef = A32F8C9E1F31CBC2003BA93B /* FloatingViewTestViewController.swift */; };
		A33913CE1CF3EE4400C8C147 /* Dictionary+CYUtils.swift in Sources */ = {isa = PBXBuildFile; fileRef = A33913CD1CF3EE4400C8C147 /* Dictionary+CYUtils.swift */; };
		A33913D11CF4236800C8C147 /* CYJSONUtils.swift in Sources */ = {isa = PBXBuildFile; fileRef = A33913D01CF4236800C8C147 /* CYJSONUtils.swift */; };
		A33913D31CF4282700C8C147 /* Array+CYUtils.swift in Sources */ = {isa = PBXBuildFile; fileRef = A33913D21CF4282700C8C147 /* Array+CYUtils.swift */; };
		A33E4B3B1D069B0C001B0AB1 /* CYJSLocalRequestUtils.swift in Sources */ = {isa = PBXBuildFile; fileRef = A33E4B3A1D069B0C001B0AB1 /* CYJSLocalRequestUtils.swift */; };
		A33E4B3D1D06ABDC001B0AB1 /* CYJSCommonActionRequestUtils.swift in Sources */ = {isa = PBXBuildFile; fileRef = A33E4B3C1D06ABDC001B0AB1 /* CYJSCommonActionRequestUtils.swift */; };
		A345C5FC1DEBDE2F0094AF5A /* CYBaseProgressBar.swift in Sources */ = {isa = PBXBuildFile; fileRef = A345C5FB1DEBDE2F0094AF5A /* CYBaseProgressBar.swift */; };
		A34F17F11EF8B78200538F20 /* HerizontalTableViewTestViewController.swift in Sources */ = {isa = PBXBuildFile; fileRef = A34F17F01EF8B78200538F20 /* HerizontalTableViewTestViewController.swift */; };
		A3636A9E1ED2C77800B0F8E9 /* CycleBannerTestViewController.swift in Sources */ = {isa = PBXBuildFile; fileRef = A3636A9D1ED2C77800B0F8E9 /* CycleBannerTestViewController.swift */; };
		A3636AAC1ED31E7600B0F8E9 /* RedPacketViewController.swift in Sources */ = {isa = PBXBuildFile; fileRef = A3636AAB1ED31E7600B0F8E9 /* RedPacketViewController.swift */; };
		A3636B0B1ED52BAA00B0F8E9 /* RedPacketAssets.bundle in Resources */ = {isa = PBXBuildFile; fileRef = A3636B0A1ED52BAA00B0F8E9 /* RedPacketAssets.bundle */; };
		A36B94321F4ABC1700F14AAB /* EventListener.swift in Sources */ = {isa = PBXBuildFile; fileRef = A36B94311F4ABC1700F14AAB /* EventListener.swift */; };
		A36B943B1F4E7F8900F14AAB /* CYAnimatedImageView.swift in Sources */ = {isa = PBXBuildFile; fileRef = A36B943A1F4E7F8900F14AAB /* CYAnimatedImageView.swift */; };
		A36B943D1F4E80A200F14AAB /* AnimationTestTableViewController.swift in Sources */ = {isa = PBXBuildFile; fileRef = A36B943C1F4E80A200F14AAB /* AnimationTestTableViewController.swift */; };
		A36B94401F4E815D00F14AAB /* AnimatedImageTestViewController.swift in Sources */ = {isa = PBXBuildFile; fileRef = A36B943F1F4E815D00F14AAB /* AnimatedImageTestViewController.swift */; };
		A36B94421F4EB0F200F14AAB /* AnimationLayer.swift in Sources */ = {isa = PBXBuildFile; fileRef = A36B94411F4EB0F200F14AAB /* AnimationLayer.swift */; };
		A36B94441F4FBFF800F14AAB /* MaskLayerAnimation.swift in Sources */ = {isa = PBXBuildFile; fileRef = A36B94431F4FBFF800F14AAB /* MaskLayerAnimation.swift */; };
		A36B94461F4FC06700F14AAB /* SubLayerAnimation.swift in Sources */ = {isa = PBXBuildFile; fileRef = A36B94451F4FC06700F14AAB /* SubLayerAnimation.swift */; };
		A371504B1F385C020079E9C5 /* WebViewController.swift in Sources */ = {isa = PBXBuildFile; fileRef = A371504A1F385C020079E9C5 /* WebViewController.swift */; };
		A371504D1F3875350079E9C5 /* WebViewProgress.swift in Sources */ = {isa = PBXBuildFile; fileRef = A371504C1F3875350079E9C5 /* WebViewProgress.swift */; };
		A37AEA4F1F468898007B3C23 /* CYUtilProjectSwiftTests.swift in Sources */ = {isa = PBXBuildFile; fileRef = A37AEA4E1F468898007B3C23 /* CYUtilProjectSwiftTests.swift */; };
		A37D5B461ED7036200A63AB9 /* SendRedPacketViewController.swift in Sources */ = {isa = PBXBuildFile; fileRef = A37D5B451ED7036200A63AB9 /* SendRedPacketViewController.swift */; };
		A37D5B481ED7037500A63AB9 /* SendRedPacketView.swift in Sources */ = {isa = PBXBuildFile; fileRef = A37D5B471ED7037500A63AB9 /* SendRedPacketView.swift */; };
		A38580201DEFCFA800FF989F /* CYLineProgressBar.swift in Sources */ = {isa = PBXBuildFile; fileRef = A385801F1DEFCFA800FF989F /* CYLineProgressBar.swift */; };
		A38580221DEFD1E900FF989F /* CYArcProgressBar.swift in Sources */ = {isa = PBXBuildFile; fileRef = A38580211DEFD1E900FF989F /* CYArcProgressBar.swift */; };
		A38580241DEFF6E100FF989F /* CYCycleProgressBar.swift in Sources */ = {isa = PBXBuildFile; fileRef = A38580231DEFF6E100FF989F /* CYCycleProgressBar.swift */; };
		A385A69F1ED138EA0022C2EB /* UIWindow+CYAlertWindow.swift in Sources */ = {isa = PBXBuildFile; fileRef = A385A69E1ED138EA0022C2EB /* UIWindow+CYAlertWindow.swift */; };
		A385A6A11ED13BD10022C2EB /* UIWindow+CYRedPacket.swift in Sources */ = {isa = PBXBuildFile; fileRef = A385A6A01ED13BD10022C2EB /* UIWindow+CYRedPacket.swift */; };
		A385A6A31ED13C220022C2EB /* CYRedPacketOpenView.swift in Sources */ = {isa = PBXBuildFile; fileRef = A385A6A21ED13C220022C2EB /* CYRedPacketOpenView.swift */; };
		A385A6A51ED150C40022C2EB /* CYRedPacketDetailHeaderView.swift in Sources */ = {isa = PBXBuildFile; fileRef = A385A6A41ED150C40022C2EB /* CYRedPacketDetailHeaderView.swift */; };
		A385A6A71ED1585B0022C2EB /* CYRedPacketDetailCell.swift in Sources */ = {isa = PBXBuildFile; fileRef = A385A6A61ED1585B0022C2EB /* CYRedPacketDetailCell.swift */; };
		A385A6A91ED168BE0022C2EB /* CYRedPacketDetailViewController.swift in Sources */ = {isa = PBXBuildFile; fileRef = A385A6A81ED168BE0022C2EB /* CYRedPacketDetailViewController.swift */; };
		A385A6AC1ED16A8E0022C2EB /* CYRedPacketViewModel.swift in Sources */ = {isa = PBXBuildFile; fileRef = A385A6AB1ED16A8E0022C2EB /* CYRedPacketViewModel.swift */; };
		A385A6AE1ED16C240022C2EB /* CYRedPacketDrawViewModel.swift in Sources */ = {isa = PBXBuildFile; fileRef = A385A6AD1ED16C240022C2EB /* CYRedPacketDrawViewModel.swift */; };
		A39A31651FB03BCF00CAC143 /* BaseModel.swift in Sources */ = {isa = PBXBuildFile; fileRef = A39A31641FB03BCF00CAC143 /* BaseModel.swift */; };
		A3B700981E1B449C00823B7B /* CYProgressWebView.swift in Sources */ = {isa = PBXBuildFile; fileRef = A3B700971E1B449C00823B7B /* CYProgressWebView.swift */; };
		A3B7009B1E1B500B00823B7B /* ProgressWebTestViewController.swift in Sources */ = {isa = PBXBuildFile; fileRef = A3B7009A1E1B500B00823B7B /* ProgressWebTestViewController.swift */; };
		A3BA5F1C1E67ED8200B31B8C /* CYProgressWebViewController.swift in Sources */ = {isa = PBXBuildFile; fileRef = A3BA5F1B1E67ED8200B31B8C /* CYProgressWebViewController.swift */; };
		A3CCAF311D17A56000A40969 /* CYJSJSONParametersSerialization.swift in Sources */ = {isa = PBXBuildFile; fileRef = A3CCAF301D17A56000A40969 /* CYJSJSONParametersSerialization.swift */; };
		A3CCAF331D17A57900A40969 /* CYJSParametersSerialization.swift in Sources */ = {isa = PBXBuildFile; fileRef = A3CCAF321D17A57900A40969 /* CYJSParametersSerialization.swift */; };
		A3CCAF351D17A58900A40969 /* CYJSHTTPParametersSerialization.swift in Sources */ = {isa = PBXBuildFile; fileRef = A3CCAF341D17A58900A40969 /* CYJSHTTPParametersSerialization.swift */; };
		A3CCAF371D17D6EE00A40969 /* CYAlertView.swift in Sources */ = {isa = PBXBuildFile; fileRef = A3CCAF361D17D6EE00A40969 /* CYAlertView.swift */; };
		A3D086FB1EEE3B30007752ED /* HerizontalTableView.swift in Sources */ = {isa = PBXBuildFile; fileRef = A3D086FA1EEE3B30007752ED /* HerizontalTableView.swift */; };
		A3D086FD1EEE3B47007752ED /* HerizontalTableViewItem.swift in Sources */ = {isa = PBXBuildFile; fileRef = A3D086FC1EEE3B47007752ED /* HerizontalTableViewItem.swift */; };
		A3DEB59E1E66C89F000B6001 /* CYWebViewProgress.swift in Sources */ = {isa = PBXBuildFile; fileRef = A3DEB59D1E66C89F000B6001 /* CYWebViewProgress.swift */; };
		A3E2530A1CFD976F002F8E18 /* ObjectiveCTestObject.m in Sources */ = {isa = PBXBuildFile; fileRef = A3E253091CFD976F002F8E18 /* ObjectiveCTestObject.m */; };
		A3EB573A1FA1D41D00A58278 /* CycleBannerView.swift in Sources */ = {isa = PBXBuildFile; fileRef = A3EB57381FA1D41D00A58278 /* CycleBannerView.swift */; };
		A3EB573B1FA1D41D00A58278 /* CycleBannerViewItem.swift in Sources */ = {isa = PBXBuildFile; fileRef = A3EB57391FA1D41D00A58278 /* CycleBannerViewItem.swift */; };
		A3FDF5BD1F8B2432009E5F68 /* DeviceAuthentication.swift in Sources */ = {isa = PBXBuildFile; fileRef = A3FDF5BC1F8B2432009E5F68 /* DeviceAuthentication.swift */; };
		A3FDF5BF1F8CA2AB009E5F68 /* DeviceAuthenticationTests.swift in Sources */ = {isa = PBXBuildFile; fileRef = A3FDF5BE1F8CA2AB009E5F68 /* DeviceAuthenticationTests.swift */; };
/* End PBXBuildFile section */

/* Begin PBXContainerItemProxy section */
		A37AEA511F468898007B3C23 /* PBXContainerItemProxy */ = {
			isa = PBXContainerItemProxy;
			containerPortal = 61091D521CDAF8E4008B7EA3 /* Project object */;
			proxyType = 1;
			remoteGlobalIDString = 61091D591CDAF8E4008B7EA3;
			remoteInfo = CYUtilProjectSwift;
		};
/* End PBXContainerItemProxy section */

/* Begin PBXCopyFilesBuildPhase section */
		A36F4EFD1F906D6600E7F4B6 /* Embed Frameworks */ = {
			isa = PBXCopyFilesBuildPhase;
			buildActionMask = 2147483647;
			dstPath = "";
			dstSubfolderSpec = 10;
			files = (
			);
			name = "Embed Frameworks";
			runOnlyForDeploymentPostprocessing = 0;
		};
/* End PBXCopyFilesBuildPhase section */

/* Begin PBXFileReference section */
		61091D5A1CDAF8E4008B7EA3 /* CYUtilProjectSwift.app */ = {isa = PBXFileReference; explicitFileType = wrapper.application; includeInIndex = 0; path = CYUtilProjectSwift.app; sourceTree = BUILT_PRODUCTS_DIR; };
		61091D5D1CDAF8E4008B7EA3 /* AppDelegate.swift */ = {isa = PBXFileReference; lastKnownFileType = sourcecode.swift; path = AppDelegate.swift; sourceTree = "<group>"; };
		61091D5F1CDAF8E4008B7EA3 /* ViewController.swift */ = {isa = PBXFileReference; lastKnownFileType = sourcecode.swift; path = ViewController.swift; sourceTree = "<group>"; };
		61091D621CDAF8E4008B7EA3 /* Base */ = {isa = PBXFileReference; lastKnownFileType = file.storyboard; name = Base; path = Base.lproj/Main.storyboard; sourceTree = "<group>"; };
		61091D641CDAF8E4008B7EA3 /* Assets.xcassets */ = {isa = PBXFileReference; lastKnownFileType = folder.assetcatalog; path = Assets.xcassets; sourceTree = "<group>"; };
		61091D671CDAF8E4008B7EA3 /* Base */ = {isa = PBXFileReference; lastKnownFileType = file.storyboard; name = Base; path = Base.lproj/LaunchScreen.storyboard; sourceTree = "<group>"; };
		61091D691CDAF8E4008B7EA3 /* Info.plist */ = {isa = PBXFileReference; lastKnownFileType = text.plist.xml; path = Info.plist; sourceTree = "<group>"; };
		61091D711CDAFCDA008B7EA3 /* ImageDownloader.swift */ = {isa = PBXFileReference; fileEncoding = 4; lastKnownFileType = sourcecode.swift; path = ImageDownloader.swift; sourceTree = "<group>"; };
		A306D5621CE330A8008341F3 /* CYAlertViewAction.swift */ = {isa = PBXFileReference; fileEncoding = 4; lastKnownFileType = sourcecode.swift; path = CYAlertViewAction.swift; sourceTree = "<group>"; };
		A30EA3D11CFED40F006FEF23 /* CYAudioPlayUtils.swift */ = {isa = PBXFileReference; fileEncoding = 4; lastKnownFileType = sourcecode.swift; path = CYAudioPlayUtils.swift; sourceTree = "<group>"; };
		A30EA3D31CFEE023006FEF23 /* CYAudioRecordUtils.swift */ = {isa = PBXFileReference; fileEncoding = 4; lastKnownFileType = sourcecode.swift; path = CYAudioRecordUtils.swift; sourceTree = "<group>"; };
		A32F8C9A1F31C0AA003BA93B /* FloatingView.swift */ = {isa = PBXFileReference; fileEncoding = 4; lastKnownFileType = sourcecode.swift; path = FloatingView.swift; sourceTree = "<group>"; };
		A32F8C9C1F31CB12003BA93B /* logo5858.png */ = {isa = PBXFileReference; lastKnownFileType = image.png; path = logo5858.png; sourceTree = "<group>"; };
		A32F8C9E1F31CBC2003BA93B /* FloatingViewTestViewController.swift */ = {isa = PBXFileReference; fileEncoding = 4; lastKnownFileType = sourcecode.swift; path = FloatingViewTestViewController.swift; sourceTree = "<group>"; };
		A33913CD1CF3EE4400C8C147 /* Dictionary+CYUtils.swift */ = {isa = PBXFileReference; fileEncoding = 4; lastKnownFileType = sourcecode.swift; path = "Dictionary+CYUtils.swift"; sourceTree = "<group>"; };
		A33913D01CF4236800C8C147 /* CYJSONUtils.swift */ = {isa = PBXFileReference; fileEncoding = 4; lastKnownFileType = sourcecode.swift; path = CYJSONUtils.swift; sourceTree = "<group>"; };
		A33913D21CF4282700C8C147 /* Array+CYUtils.swift */ = {isa = PBXFileReference; fileEncoding = 4; lastKnownFileType = sourcecode.swift; path = "Array+CYUtils.swift"; sourceTree = "<group>"; };
		A33E4B3A1D069B0C001B0AB1 /* CYJSLocalRequestUtils.swift */ = {isa = PBXFileReference; fileEncoding = 4; lastKnownFileType = sourcecode.swift; path = CYJSLocalRequestUtils.swift; sourceTree = "<group>"; };
		A33E4B3C1D06ABDC001B0AB1 /* CYJSCommonActionRequestUtils.swift */ = {isa = PBXFileReference; fileEncoding = 4; lastKnownFileType = sourcecode.swift; path = CYJSCommonActionRequestUtils.swift; sourceTree = "<group>"; };
		A345C5FB1DEBDE2F0094AF5A /* CYBaseProgressBar.swift */ = {isa = PBXFileReference; fileEncoding = 4; lastKnownFileType = sourcecode.swift; path = CYBaseProgressBar.swift; sourceTree = "<group>"; };
		A34F17F01EF8B78200538F20 /* HerizontalTableViewTestViewController.swift */ = {isa = PBXFileReference; fileEncoding = 4; lastKnownFileType = sourcecode.swift; path = HerizontalTableViewTestViewController.swift; sourceTree = "<group>"; };
		A3636A9D1ED2C77800B0F8E9 /* CycleBannerTestViewController.swift */ = {isa = PBXFileReference; fileEncoding = 4; lastKnownFileType = sourcecode.swift; path = CycleBannerTestViewController.swift; sourceTree = "<group>"; };
		A3636AAB1ED31E7600B0F8E9 /* RedPacketViewController.swift */ = {isa = PBXFileReference; fileEncoding = 4; lastKnownFileType = sourcecode.swift; path = RedPacketViewController.swift; sourceTree = "<group>"; };
		A3636B0A1ED52BAA00B0F8E9 /* RedPacketAssets.bundle */ = {isa = PBXFileReference; lastKnownFileType = "wrapper.plug-in"; path = RedPacketAssets.bundle; sourceTree = "<group>"; };
		A36B94311F4ABC1700F14AAB /* EventListener.swift */ = {isa = PBXFileReference; fileEncoding = 4; lastKnownFileType = sourcecode.swift; path = EventListener.swift; sourceTree = "<group>"; };
		A36B943A1F4E7F8900F14AAB /* CYAnimatedImageView.swift */ = {isa = PBXFileReference; fileEncoding = 4; lastKnownFileType = sourcecode.swift; path = CYAnimatedImageView.swift; sourceTree = "<group>"; };
		A36B943C1F4E80A200F14AAB /* AnimationTestTableViewController.swift */ = {isa = PBXFileReference; fileEncoding = 4; lastKnownFileType = sourcecode.swift; path = AnimationTestTableViewController.swift; sourceTree = "<group>"; };
		A36B943F1F4E815D00F14AAB /* AnimatedImageTestViewController.swift */ = {isa = PBXFileReference; fileEncoding = 4; lastKnownFileType = sourcecode.swift; path = AnimatedImageTestViewController.swift; sourceTree = "<group>"; };
		A36B94411F4EB0F200F14AAB /* AnimationLayer.swift */ = {isa = PBXFileReference; fileEncoding = 4; lastKnownFileType = sourcecode.swift; path = AnimationLayer.swift; sourceTree = "<group>"; };
		A36B94431F4FBFF800F14AAB /* MaskLayerAnimation.swift */ = {isa = PBXFileReference; fileEncoding = 4; lastKnownFileType = sourcecode.swift; path = MaskLayerAnimation.swift; sourceTree = "<group>"; };
		A36B94451F4FC06700F14AAB /* SubLayerAnimation.swift */ = {isa = PBXFileReference; fileEncoding = 4; lastKnownFileType = sourcecode.swift; path = SubLayerAnimation.swift; sourceTree = "<group>"; };
		A371504A1F385C020079E9C5 /* WebViewController.swift */ = {isa = PBXFileReference; fileEncoding = 4; lastKnownFileType = sourcecode.swift; path = WebViewController.swift; sourceTree = "<group>"; };
		A371504C1F3875350079E9C5 /* WebViewProgress.swift */ = {isa = PBXFileReference; fileEncoding = 4; lastKnownFileType = sourcecode.swift; path = WebViewProgress.swift; sourceTree = "<group>"; };
		A37AEA4C1F468898007B3C23 /* CYUtilProjectSwiftTests.xctest */ = {isa = PBXFileReference; explicitFileType = wrapper.cfbundle; includeInIndex = 0; path = CYUtilProjectSwiftTests.xctest; sourceTree = BUILT_PRODUCTS_DIR; };
		A37AEA4E1F468898007B3C23 /* CYUtilProjectSwiftTests.swift */ = {isa = PBXFileReference; lastKnownFileType = sourcecode.swift; path = CYUtilProjectSwiftTests.swift; sourceTree = "<group>"; };
		A37AEA501F468898007B3C23 /* Info.plist */ = {isa = PBXFileReference; lastKnownFileType = text.plist.xml; path = Info.plist; sourceTree = "<group>"; };
		A37D5B451ED7036200A63AB9 /* SendRedPacketViewController.swift */ = {isa = PBXFileReference; fileEncoding = 4; lastKnownFileType = sourcecode.swift; path = SendRedPacketViewController.swift; sourceTree = "<group>"; };
		A37D5B471ED7037500A63AB9 /* SendRedPacketView.swift */ = {isa = PBXFileReference; fileEncoding = 4; lastKnownFileType = sourcecode.swift; path = SendRedPacketView.swift; sourceTree = "<group>"; };
		A385801F1DEFCFA800FF989F /* CYLineProgressBar.swift */ = {isa = PBXFileReference; fileEncoding = 4; lastKnownFileType = sourcecode.swift; path = CYLineProgressBar.swift; sourceTree = "<group>"; };
		A38580211DEFD1E900FF989F /* CYArcProgressBar.swift */ = {isa = PBXFileReference; fileEncoding = 4; lastKnownFileType = sourcecode.swift; path = CYArcProgressBar.swift; sourceTree = "<group>"; };
		A38580231DEFF6E100FF989F /* CYCycleProgressBar.swift */ = {isa = PBXFileReference; fileEncoding = 4; lastKnownFileType = sourcecode.swift; path = CYCycleProgressBar.swift; sourceTree = "<group>"; };
		A385A69E1ED138EA0022C2EB /* UIWindow+CYAlertWindow.swift */ = {isa = PBXFileReference; fileEncoding = 4; lastKnownFileType = sourcecode.swift; path = "UIWindow+CYAlertWindow.swift"; sourceTree = "<group>"; };
		A385A6A01ED13BD10022C2EB /* UIWindow+CYRedPacket.swift */ = {isa = PBXFileReference; fileEncoding = 4; lastKnownFileType = sourcecode.swift; path = "UIWindow+CYRedPacket.swift"; sourceTree = "<group>"; };
		A385A6A21ED13C220022C2EB /* CYRedPacketOpenView.swift */ = {isa = PBXFileReference; fileEncoding = 4; lastKnownFileType = sourcecode.swift; path = CYRedPacketOpenView.swift; sourceTree = "<group>"; };
		A385A6A41ED150C40022C2EB /* CYRedPacketDetailHeaderView.swift */ = {isa = PBXFileReference; fileEncoding = 4; lastKnownFileType = sourcecode.swift; path = CYRedPacketDetailHeaderView.swift; sourceTree = "<group>"; };
		A385A6A61ED1585B0022C2EB /* CYRedPacketDetailCell.swift */ = {isa = PBXFileReference; fileEncoding = 4; lastKnownFileType = sourcecode.swift; path = CYRedPacketDetailCell.swift; sourceTree = "<group>"; };
		A385A6A81ED168BE0022C2EB /* CYRedPacketDetailViewController.swift */ = {isa = PBXFileReference; fileEncoding = 4; lastKnownFileType = sourcecode.swift; path = CYRedPacketDetailViewController.swift; sourceTree = "<group>"; };
		A385A6AB1ED16A8E0022C2EB /* CYRedPacketViewModel.swift */ = {isa = PBXFileReference; fileEncoding = 4; lastKnownFileType = sourcecode.swift; path = CYRedPacketViewModel.swift; sourceTree = "<group>"; };
		A385A6AD1ED16C240022C2EB /* CYRedPacketDrawViewModel.swift */ = {isa = PBXFileReference; fileEncoding = 4; lastKnownFileType = sourcecode.swift; path = CYRedPacketDrawViewModel.swift; sourceTree = "<group>"; };
		A39A31641FB03BCF00CAC143 /* BaseModel.swift */ = {isa = PBXFileReference; lastKnownFileType = sourcecode.swift; path = BaseModel.swift; sourceTree = "<group>"; };
		A3B700971E1B449C00823B7B /* CYProgressWebView.swift */ = {isa = PBXFileReference; fileEncoding = 4; lastKnownFileType = sourcecode.swift; path = CYProgressWebView.swift; sourceTree = "<group>"; };
		A3B7009A1E1B500B00823B7B /* ProgressWebTestViewController.swift */ = {isa = PBXFileReference; fileEncoding = 4; lastKnownFileType = sourcecode.swift; path = ProgressWebTestViewController.swift; sourceTree = "<group>"; };
		A3BA5F1B1E67ED8200B31B8C /* CYProgressWebViewController.swift */ = {isa = PBXFileReference; fileEncoding = 4; lastKnownFileType = sourcecode.swift; path = CYProgressWebViewController.swift; sourceTree = "<group>"; };
		A3CCAF301D17A56000A40969 /* CYJSJSONParametersSerialization.swift */ = {isa = PBXFileReference; fileEncoding = 4; lastKnownFileType = sourcecode.swift; path = CYJSJSONParametersSerialization.swift; sourceTree = "<group>"; };
		A3CCAF321D17A57900A40969 /* CYJSParametersSerialization.swift */ = {isa = PBXFileReference; fileEncoding = 4; lastKnownFileType = sourcecode.swift; path = CYJSParametersSerialization.swift; sourceTree = "<group>"; };
		A3CCAF341D17A58900A40969 /* CYJSHTTPParametersSerialization.swift */ = {isa = PBXFileReference; fileEncoding = 4; lastKnownFileType = sourcecode.swift; path = CYJSHTTPParametersSerialization.swift; sourceTree = "<group>"; };
		A3CCAF361D17D6EE00A40969 /* CYAlertView.swift */ = {isa = PBXFileReference; fileEncoding = 4; lastKnownFileType = sourcecode.swift; path = CYAlertView.swift; sourceTree = "<group>"; };
		A3D086FA1EEE3B30007752ED /* HerizontalTableView.swift */ = {isa = PBXFileReference; fileEncoding = 4; lastKnownFileType = sourcecode.swift; path = HerizontalTableView.swift; sourceTree = "<group>"; };
		A3D086FC1EEE3B47007752ED /* HerizontalTableViewItem.swift */ = {isa = PBXFileReference; fileEncoding = 4; lastKnownFileType = sourcecode.swift; path = HerizontalTableViewItem.swift; sourceTree = "<group>"; };
		A3DEB59D1E66C89F000B6001 /* CYWebViewProgress.swift */ = {isa = PBXFileReference; fileEncoding = 4; lastKnownFileType = sourcecode.swift; path = CYWebViewProgress.swift; sourceTree = "<group>"; };
		A3E253071CFD976F002F8E18 /* CYUtilProjectSwift-Bridging-Header.h */ = {isa = PBXFileReference; lastKnownFileType = sourcecode.c.h; path = "CYUtilProjectSwift-Bridging-Header.h"; sourceTree = "<group>"; };
		A3E253081CFD976F002F8E18 /* ObjectiveCTestObject.h */ = {isa = PBXFileReference; fileEncoding = 4; lastKnownFileType = sourcecode.c.h; path = ObjectiveCTestObject.h; sourceTree = "<group>"; };
		A3E253091CFD976F002F8E18 /* ObjectiveCTestObject.m */ = {isa = PBXFileReference; fileEncoding = 4; lastKnownFileType = sourcecode.c.objc; path = ObjectiveCTestObject.m; sourceTree = "<group>"; };
		A3EB57381FA1D41D00A58278 /* CycleBannerView.swift */ = {isa = PBXFileReference; fileEncoding = 4; lastKnownFileType = sourcecode.swift; path = CycleBannerView.swift; sourceTree = "<group>"; };
		A3EB57391FA1D41D00A58278 /* CycleBannerViewItem.swift */ = {isa = PBXFileReference; fileEncoding = 4; lastKnownFileType = sourcecode.swift; path = CycleBannerViewItem.swift; sourceTree = "<group>"; };
		A3FDF5BC1F8B2432009E5F68 /* DeviceAuthentication.swift */ = {isa = PBXFileReference; lastKnownFileType = sourcecode.swift; path = DeviceAuthentication.swift; sourceTree = "<group>"; };
		A3FDF5BE1F8CA2AB009E5F68 /* DeviceAuthenticationTests.swift */ = {isa = PBXFileReference; lastKnownFileType = sourcecode.swift; path = DeviceAuthenticationTests.swift; sourceTree = "<group>"; };
/* End PBXFileReference section */

/* Begin PBXFrameworksBuildPhase section */
		61091D571CDAF8E4008B7EA3 /* Frameworks */ = {
			isa = PBXFrameworksBuildPhase;
			buildActionMask = 2147483647;
			files = (
			);
			runOnlyForDeploymentPostprocessing = 0;
		};
		A37AEA491F468898007B3C23 /* Frameworks */ = {
			isa = PBXFrameworksBuildPhase;
			buildActionMask = 2147483647;
			files = (
			);
			runOnlyForDeploymentPostprocessing = 0;
		};
/* End PBXFrameworksBuildPhase section */

/* Begin PBXGroup section */
		61091D511CDAF8E4008B7EA3 = {
			isa = PBXGroup;
			children = (
				61091D5C1CDAF8E4008B7EA3 /* CYUtilProjectSwift */,
				A37AEA4D1F468898007B3C23 /* CYUtilProjectSwiftTests */,
				61091D5B1CDAF8E4008B7EA3 /* Products */,
			);
			sourceTree = "<group>";
		};
		61091D5B1CDAF8E4008B7EA3 /* Products */ = {
			isa = PBXGroup;
			children = (
				61091D5A1CDAF8E4008B7EA3 /* CYUtilProjectSwift.app */,
				A37AEA4C1F468898007B3C23 /* CYUtilProjectSwiftTests.xctest */,
			);
			name = Products;
			sourceTree = "<group>";
		};
		61091D5C1CDAF8E4008B7EA3 /* CYUtilProjectSwift */ = {
			isa = PBXGroup;
			children = (
				A3B700991E1B4FED00823B7B /* Test */,
				61091D6F1CDAFCB0008B7EA3 /* CYUtils */,
				61091D5D1CDAF8E4008B7EA3 /* AppDelegate.swift */,
				61091D5F1CDAF8E4008B7EA3 /* ViewController.swift */,
				A3E253081CFD976F002F8E18 /* ObjectiveCTestObject.h */,
				A3E253091CFD976F002F8E18 /* ObjectiveCTestObject.m */,
				61091D611CDAF8E4008B7EA3 /* Main.storyboard */,
				61091D641CDAF8E4008B7EA3 /* Assets.xcassets */,
				61091D661CDAF8E4008B7EA3 /* LaunchScreen.storyboard */,
				61091D691CDAF8E4008B7EA3 /* Info.plist */,
				A3E253071CFD976F002F8E18 /* CYUtilProjectSwift-Bridging-Header.h */,
				A32F8C9C1F31CB12003BA93B /* logo5858.png */,
			);
			path = CYUtilProjectSwift;
			sourceTree = "<group>";
		};
		61091D6F1CDAFCB0008B7EA3 /* CYUtils */ = {
			isa = PBXGroup;
			children = (
				A39A31631FB03B9800CAC143 /* Model */,
				A3EB57371FA1D41D00A58278 /* CycleBanner */,
				A3FDF5BB1F8B2420009E5F68 /* DeviceAuth */,
				A36B94361F4E7F4F00F14AAB /* CYAnimation */,
				A36B942D1F4ABBE600F14AAB /* EventListener */,
				A37150491F385BF40079E9C5 /* WebViewController */,
				A32F8C991F31C095003BA93B /* FloatingView */,
				A3D086F91EEE3B17007752ED /* HerizontalTable */,
				A385A69D1ED138CE0022C2EB /* CYAlertWindow */,
				A385A69C1ED138810022C2EB /* CYRedPacketUI */,
				A3B700961E1B446900823B7B /* CYProgressWeb */,
				A345C5F81DEBDE0A0094AF5A /* CYProgressUtils */,
				A33E4B391D069A9C001B0AB1 /* CYWebViewUtils */,
				A30EA3D01CFED3F9006FEF23 /* CYAudioUtils */,
				A33913CF1CF4235400C8C147 /* CYJSONUtils */,
				A33913CC1CF3EE0700C8C147 /* CYFoundationUtils */,
				A306D5611CE33096008341F3 /* CYAlertView */,
				61091D701CDAFCB0008B7EA3 /* CYCache */,
			);
			path = CYUtils;
			sourceTree = SOURCE_ROOT;
		};
		61091D701CDAFCB0008B7EA3 /* CYCache */ = {
			isa = PBXGroup;
			children = (
				61091D711CDAFCDA008B7EA3 /* ImageDownloader.swift */,
			);
			path = CYCache;
			sourceTree = "<group>";
		};
		A306D5611CE33096008341F3 /* CYAlertView */ = {
			isa = PBXGroup;
			children = (
				A306D5621CE330A8008341F3 /* CYAlertViewAction.swift */,
				A3CCAF361D17D6EE00A40969 /* CYAlertView.swift */,
			);
			path = CYAlertView;
			sourceTree = "<group>";
		};
		A30EA3D01CFED3F9006FEF23 /* CYAudioUtils */ = {
			isa = PBXGroup;
			children = (
				A30EA3D11CFED40F006FEF23 /* CYAudioPlayUtils.swift */,
				A30EA3D31CFEE023006FEF23 /* CYAudioRecordUtils.swift */,
			);
			path = CYAudioUtils;
			sourceTree = "<group>";
		};
		A32F8C991F31C095003BA93B /* FloatingView */ = {
			isa = PBXGroup;
			children = (
				A32F8C9A1F31C0AA003BA93B /* FloatingView.swift */,
			);
			path = FloatingView;
			sourceTree = "<group>";
		};
		A33913CC1CF3EE0700C8C147 /* CYFoundationUtils */ = {
			isa = PBXGroup;
			children = (
				A33913CD1CF3EE4400C8C147 /* Dictionary+CYUtils.swift */,
				A33913D21CF4282700C8C147 /* Array+CYUtils.swift */,
			);
			path = CYFoundationUtils;
			sourceTree = "<group>";
		};
		A33913CF1CF4235400C8C147 /* CYJSONUtils */ = {
			isa = PBXGroup;
			children = (
				A33913D01CF4236800C8C147 /* CYJSONUtils.swift */,
			);
			path = CYJSONUtils;
			sourceTree = "<group>";
		};
		A33E4B391D069A9C001B0AB1 /* CYWebViewUtils */ = {
			isa = PBXGroup;
			children = (
				A3CCAF2F1D17A56000A40969 /* CYJSParametersSerialization */,
				A33E4B3A1D069B0C001B0AB1 /* CYJSLocalRequestUtils.swift */,
				A33E4B3C1D06ABDC001B0AB1 /* CYJSCommonActionRequestUtils.swift */,
			);
			path = CYWebViewUtils;
			sourceTree = "<group>";
		};
		A345C5F81DEBDE0A0094AF5A /* CYProgressUtils */ = {
			isa = PBXGroup;
			children = (
				A345C5FB1DEBDE2F0094AF5A /* CYBaseProgressBar.swift */,
				A385801F1DEFCFA800FF989F /* CYLineProgressBar.swift */,
				A38580231DEFF6E100FF989F /* CYCycleProgressBar.swift */,
				A38580211DEFD1E900FF989F /* CYArcProgressBar.swift */,
			);
			path = CYProgressUtils;
			sourceTree = "<group>";
		};
		A36B942D1F4ABBE600F14AAB /* EventListener */ = {
			isa = PBXGroup;
			children = (
				A36B94311F4ABC1700F14AAB /* EventListener.swift */,
			);
			path = EventListener;
			sourceTree = "<group>";
		};
		A36B94361F4E7F4F00F14AAB /* CYAnimation */ = {
			isa = PBXGroup;
			children = (
				A36B943A1F4E7F8900F14AAB /* CYAnimatedImageView.swift */,
				A36B94411F4EB0F200F14AAB /* AnimationLayer.swift */,
				A36B94431F4FBFF800F14AAB /* MaskLayerAnimation.swift */,
				A36B94451F4FC06700F14AAB /* SubLayerAnimation.swift */,
			);
			path = CYAnimation;
			sourceTree = "<group>";
		};
		A36B943E1F4E813900F14AAB /* AnimationTest */ = {
			isa = PBXGroup;
			children = (
				A36B943F1F4E815D00F14AAB /* AnimatedImageTestViewController.swift */,
			);
			name = AnimationTest;
			sourceTree = "<group>";
		};
		A37150491F385BF40079E9C5 /* WebViewController */ = {
			isa = PBXGroup;
			children = (
				A371504A1F385C020079E9C5 /* WebViewController.swift */,
				A371504C1F3875350079E9C5 /* WebViewProgress.swift */,
			);
			path = WebViewController;
			sourceTree = "<group>";
		};
		A37AEA4D1F468898007B3C23 /* CYUtilProjectSwiftTests */ = {
			isa = PBXGroup;
			children = (
				A3FDF5BE1F8CA2AB009E5F68 /* DeviceAuthenticationTests.swift */,
				A37AEA4E1F468898007B3C23 /* CYUtilProjectSwiftTests.swift */,
				A37AEA501F468898007B3C23 /* Info.plist */,
			);
			path = CYUtilProjectSwiftTests;
			sourceTree = "<group>";
		};
		A385A69C1ED138810022C2EB /* CYRedPacketUI */ = {
			isa = PBXGroup;
			children = (
				A3636B0A1ED52BAA00B0F8E9 /* RedPacketAssets.bundle */,
				A385A6AA1ED16A710022C2EB /* ViewModel */,
				A385A6A01ED13BD10022C2EB /* UIWindow+CYRedPacket.swift */,
				A385A6A21ED13C220022C2EB /* CYRedPacketOpenView.swift */,
				A385A6A41ED150C40022C2EB /* CYRedPacketDetailHeaderView.swift */,
				A385A6A61ED1585B0022C2EB /* CYRedPacketDetailCell.swift */,
				A385A6A81ED168BE0022C2EB /* CYRedPacketDetailViewController.swift */,
				A37D5B471ED7037500A63AB9 /* SendRedPacketView.swift */,
				A37D5B451ED7036200A63AB9 /* SendRedPacketViewController.swift */,
			);
			path = CYRedPacketUI;
			sourceTree = "<group>";
		};
		A385A69D1ED138CE0022C2EB /* CYAlertWindow */ = {
			isa = PBXGroup;
			children = (
				A385A69E1ED138EA0022C2EB /* UIWindow+CYAlertWindow.swift */,
			);
			path = CYAlertWindow;
			sourceTree = "<group>";
		};
		A385A6AA1ED16A710022C2EB /* ViewModel */ = {
			isa = PBXGroup;
			children = (
				A385A6AB1ED16A8E0022C2EB /* CYRedPacketViewModel.swift */,
				A385A6AD1ED16C240022C2EB /* CYRedPacketDrawViewModel.swift */,
			);
			path = ViewModel;
			sourceTree = "<group>";
		};
		A39A31631FB03B9800CAC143 /* Model */ = {
			isa = PBXGroup;
			children = (
				A39A31641FB03BCF00CAC143 /* BaseModel.swift */,
			);
			path = Model;
			sourceTree = "<group>";
		};
		A3B700961E1B446900823B7B /* CYProgressWeb */ = {
			isa = PBXGroup;
			children = (
				A3B700971E1B449C00823B7B /* CYProgressWebView.swift */,
				A3DEB59D1E66C89F000B6001 /* CYWebViewProgress.swift */,
				A3BA5F1B1E67ED8200B31B8C /* CYProgressWebViewController.swift */,
			);
			path = CYProgressWeb;
			sourceTree = "<group>";
		};
		A3B700991E1B4FED00823B7B /* Test */ = {
			isa = PBXGroup;
			children = (
				A3B7009A1E1B500B00823B7B /* ProgressWebTestViewController.swift */,
				A3636A9D1ED2C77800B0F8E9 /* CycleBannerTestViewController.swift */,
				A3636AAB1ED31E7600B0F8E9 /* RedPacketViewController.swift */,
				A34F17F01EF8B78200538F20 /* HerizontalTableViewTestViewController.swift */,
				A32F8C9E1F31CBC2003BA93B /* FloatingViewTestViewController.swift */,
				A36B943C1F4E80A200F14AAB /* AnimationTestTableViewController.swift */,
				A36B943E1F4E813900F14AAB /* AnimationTest */,
			);
			path = Test;
			sourceTree = "<group>";
		};
		A3CCAF2F1D17A56000A40969 /* CYJSParametersSerialization */ = {
			isa = PBXGroup;
			children = (
				A3CCAF321D17A57900A40969 /* CYJSParametersSerialization.swift */,
				A3CCAF341D17A58900A40969 /* CYJSHTTPParametersSerialization.swift */,
				A3CCAF301D17A56000A40969 /* CYJSJSONParametersSerialization.swift */,
			);
			path = CYJSParametersSerialization;
			sourceTree = "<group>";
		};
		A3D086F91EEE3B17007752ED /* HerizontalTable */ = {
			isa = PBXGroup;
			children = (
				A3D086FA1EEE3B30007752ED /* HerizontalTableView.swift */,
				A3D086FC1EEE3B47007752ED /* HerizontalTableViewItem.swift */,
			);
			path = HerizontalTable;
			sourceTree = "<group>";
		};
		A3EB57371FA1D41D00A58278 /* CycleBanner */ = {
			isa = PBXGroup;
			children = (
				A3EB57381FA1D41D00A58278 /* CycleBannerView.swift */,
				A3EB57391FA1D41D00A58278 /* CycleBannerViewItem.swift */,
			);
			path = CycleBanner;
			sourceTree = "<group>";
		};
		A3FDF5BB1F8B2420009E5F68 /* DeviceAuth */ = {
			isa = PBXGroup;
			children = (
				A3FDF5BC1F8B2432009E5F68 /* DeviceAuthentication.swift */,
			);
			path = DeviceAuth;
			sourceTree = "<group>";
		};
/* End PBXGroup section */

/* Begin PBXNativeTarget section */
		61091D591CDAF8E4008B7EA3 /* CYUtilProjectSwift */ = {
			isa = PBXNativeTarget;
			buildConfigurationList = 61091D6C1CDAF8E4008B7EA3 /* Build configuration list for PBXNativeTarget "CYUtilProjectSwift" */;
			buildPhases = (
				61091D561CDAF8E4008B7EA3 /* Sources */,
				61091D571CDAF8E4008B7EA3 /* Frameworks */,
				61091D581CDAF8E4008B7EA3 /* Resources */,
				A36F4EFD1F906D6600E7F4B6 /* Embed Frameworks */,
			);
			buildRules = (
			);
			dependencies = (
			);
			name = CYUtilProjectSwift;
			productName = CYUtilProjectSwift;
			productReference = 61091D5A1CDAF8E4008B7EA3 /* CYUtilProjectSwift.app */;
			productType = "com.apple.product-type.application";
		};
		A37AEA4B1F468898007B3C23 /* CYUtilProjectSwiftTests */ = {
			isa = PBXNativeTarget;
			buildConfigurationList = A37AEA551F468898007B3C23 /* Build configuration list for PBXNativeTarget "CYUtilProjectSwiftTests" */;
			buildPhases = (
				A37AEA481F468898007B3C23 /* Sources */,
				A37AEA491F468898007B3C23 /* Frameworks */,
				A37AEA4A1F468898007B3C23 /* Resources */,
			);
			buildRules = (
			);
			dependencies = (
				A37AEA521F468898007B3C23 /* PBXTargetDependency */,
			);
			name = CYUtilProjectSwiftTests;
			productName = CYUtilProjectSwiftTests;
			productReference = A37AEA4C1F468898007B3C23 /* CYUtilProjectSwiftTests.xctest */;
			productType = "com.apple.product-type.bundle.unit-test";
		};
/* End PBXNativeTarget section */

/* Begin PBXProject section */
		61091D521CDAF8E4008B7EA3 /* Project object */ = {
			isa = PBXProject;
			attributes = {
				LastSwiftUpdateCheck = 0830;
				LastUpgradeCheck = 0900;
				ORGANIZATIONNAME = Jasper;
				TargetAttributes = {
					61091D591CDAF8E4008B7EA3 = {
						CreatedOnToolsVersion = 7.3;
						DevelopmentTeam = BQN58WSC57;
						LastSwiftMigration = 0900;
					};
					A37AEA4B1F468898007B3C23 = {
						CreatedOnToolsVersion = 8.3.3;
						DevelopmentTeam = BQN58WSC57;
						LastSwiftMigration = 0900;
						ProvisioningStyle = Automatic;
						TestTargetID = 61091D591CDAF8E4008B7EA3;
					};
				};
			};
			buildConfigurationList = 61091D551CDAF8E4008B7EA3 /* Build configuration list for PBXProject "CYUtilProjectSwift" */;
			compatibilityVersion = "Xcode 3.2";
			developmentRegion = English;
			hasScannedForEncodings = 0;
			knownRegions = (
				en,
				Base,
			);
			mainGroup = 61091D511CDAF8E4008B7EA3;
			productRefGroup = 61091D5B1CDAF8E4008B7EA3 /* Products */;
			projectDirPath = "";
			projectRoot = "";
			targets = (
				61091D591CDAF8E4008B7EA3 /* CYUtilProjectSwift */,
				A37AEA4B1F468898007B3C23 /* CYUtilProjectSwiftTests */,
			);
		};
/* End PBXProject section */

/* Begin PBXResourcesBuildPhase section */
		61091D581CDAF8E4008B7EA3 /* Resources */ = {
			isa = PBXResourcesBuildPhase;
			buildActionMask = 2147483647;
			files = (
				A3636B0B1ED52BAA00B0F8E9 /* RedPacketAssets.bundle in Resources */,
				61091D681CDAF8E4008B7EA3 /* LaunchScreen.storyboard in Resources */,
				61091D651CDAF8E4008B7EA3 /* Assets.xcassets in Resources */,
				61091D631CDAF8E4008B7EA3 /* Main.storyboard in Resources */,
				A32F8C9D1F31CB12003BA93B /* logo5858.png in Resources */,
			);
			runOnlyForDeploymentPostprocessing = 0;
		};
		A37AEA4A1F468898007B3C23 /* Resources */ = {
			isa = PBXResourcesBuildPhase;
			buildActionMask = 2147483647;
			files = (
			);
			runOnlyForDeploymentPostprocessing = 0;
		};
/* End PBXResourcesBuildPhase section */

/* Begin PBXSourcesBuildPhase section */
		61091D561CDAF8E4008B7EA3 /* Sources */ = {
			isa = PBXSourcesBuildPhase;
			buildActionMask = 2147483647;
			files = (
				A30EA3D21CFED40F006FEF23 /* CYAudioPlayUtils.swift in Sources */,
				A36B94401F4E815D00F14AAB /* AnimatedImageTestViewController.swift in Sources */,
				A36B943B1F4E7F8900F14AAB /* CYAnimatedImageView.swift in Sources */,
				A345C5FC1DEBDE2F0094AF5A /* CYBaseProgressBar.swift in Sources */,
				A385A6AE1ED16C240022C2EB /* CYRedPacketDrawViewModel.swift in Sources */,
				A33E4B3B1D069B0C001B0AB1 /* CYJSLocalRequestUtils.swift in Sources */,
				A385A6A91ED168BE0022C2EB /* CYRedPacketDetailViewController.swift in Sources */,
				A36B94441F4FBFF800F14AAB /* MaskLayerAnimation.swift in Sources */,
				A36B94421F4EB0F200F14AAB /* AnimationLayer.swift in Sources */,
				61091D601CDAF8E4008B7EA3 /* ViewController.swift in Sources */,
				A3636A9E1ED2C77800B0F8E9 /* CycleBannerTestViewController.swift in Sources */,
				A38580221DEFD1E900FF989F /* CYArcProgressBar.swift in Sources */,
				A3FDF5BD1F8B2432009E5F68 /* DeviceAuthentication.swift in Sources */,
				A30EA3D41CFEE023006FEF23 /* CYAudioRecordUtils.swift in Sources */,
				A3D086FD1EEE3B47007752ED /* HerizontalTableViewItem.swift in Sources */,
				A38580241DEFF6E100FF989F /* CYCycleProgressBar.swift in Sources */,
				A3CCAF311D17A56000A40969 /* CYJSJSONParametersSerialization.swift in Sources */,
				A37D5B481ED7037500A63AB9 /* SendRedPacketView.swift in Sources */,
				A39A31651FB03BCF00CAC143 /* BaseModel.swift in Sources */,
				A37D5B461ED7036200A63AB9 /* SendRedPacketViewController.swift in Sources */,
				A3EB573B1FA1D41D00A58278 /* CycleBannerViewItem.swift in Sources */,
				A3B7009B1E1B500B00823B7B /* ProgressWebTestViewController.swift in Sources */,
				A32F8C9B1F31C0AA003BA93B /* FloatingView.swift in Sources */,
				A33913D11CF4236800C8C147 /* CYJSONUtils.swift in Sources */,
				A3636AAC1ED31E7600B0F8E9 /* RedPacketViewController.swift in Sources */,
				61091D721CDAFCDA008B7EA3 /* ImageDownloader.swift in Sources */,
				A32F8C9F1F31CBC2003BA93B /* FloatingViewTestViewController.swift in Sources */,
				A3CCAF331D17A57900A40969 /* CYJSParametersSerialization.swift in Sources */,
				61091D5E1CDAF8E4008B7EA3 /* AppDelegate.swift in Sources */,
				A371504B1F385C020079E9C5 /* WebViewController.swift in Sources */,
				A306D5631CE330A8008341F3 /* CYAlertViewAction.swift in Sources */,
				A385A6A31ED13C220022C2EB /* CYRedPacketOpenView.swift in Sources */,
				A3D086FB1EEE3B30007752ED /* HerizontalTableView.swift in Sources */,
				A3DEB59E1E66C89F000B6001 /* CYWebViewProgress.swift in Sources */,
				A38580201DEFCFA800FF989F /* CYLineProgressBar.swift in Sources */,
				A36B94461F4FC06700F14AAB /* SubLayerAnimation.swift in Sources */,
				A3CCAF351D17A58900A40969 /* CYJSHTTPParametersSerialization.swift in Sources */,
				A36B94321F4ABC1700F14AAB /* EventListener.swift in Sources */,
				A385A6A11ED13BD10022C2EB /* UIWindow+CYRedPacket.swift in Sources */,
				A3CCAF371D17D6EE00A40969 /* CYAlertView.swift in Sources */,
				A33913D31CF4282700C8C147 /* Array+CYUtils.swift in Sources */,
				A3E2530A1CFD976F002F8E18 /* ObjectiveCTestObject.m in Sources */,
				A385A6A51ED150C40022C2EB /* CYRedPacketDetailHeaderView.swift in Sources */,
				A385A6AC1ED16A8E0022C2EB /* CYRedPacketViewModel.swift in Sources */,
				A34F17F11EF8B78200538F20 /* HerizontalTableViewTestViewController.swift in Sources */,
				A371504D1F3875350079E9C5 /* WebViewProgress.swift in Sources */,
				A36B943D1F4E80A200F14AAB /* AnimationTestTableViewController.swift in Sources */,
				A33913CE1CF3EE4400C8C147 /* Dictionary+CYUtils.swift in Sources */,
				A3B700981E1B449C00823B7B /* CYProgressWebView.swift in Sources */,
				A385A6A71ED1585B0022C2EB /* CYRedPacketDetailCell.swift in Sources */,
				A3BA5F1C1E67ED8200B31B8C /* CYProgressWebViewController.swift in Sources */,
				A3EB573A1FA1D41D00A58278 /* CycleBannerView.swift in Sources */,
				A33E4B3D1D06ABDC001B0AB1 /* CYJSCommonActionRequestUtils.swift in Sources */,
				A385A69F1ED138EA0022C2EB /* UIWindow+CYAlertWindow.swift in Sources */,
			);
			runOnlyForDeploymentPostprocessing = 0;
		};
		A37AEA481F468898007B3C23 /* Sources */ = {
			isa = PBXSourcesBuildPhase;
			buildActionMask = 2147483647;
			files = (
				A37AEA4F1F468898007B3C23 /* CYUtilProjectSwiftTests.swift in Sources */,
				A3FDF5BF1F8CA2AB009E5F68 /* DeviceAuthenticationTests.swift in Sources */,
			);
			runOnlyForDeploymentPostprocessing = 0;
		};
/* End PBXSourcesBuildPhase section */

/* Begin PBXTargetDependency section */
		A37AEA521F468898007B3C23 /* PBXTargetDependency */ = {
			isa = PBXTargetDependency;
			target = 61091D591CDAF8E4008B7EA3 /* CYUtilProjectSwift */;
			targetProxy = A37AEA511F468898007B3C23 /* PBXContainerItemProxy */;
		};
/* End PBXTargetDependency section */

/* Begin PBXVariantGroup section */
		61091D611CDAF8E4008B7EA3 /* Main.storyboard */ = {
			isa = PBXVariantGroup;
			children = (
				61091D621CDAF8E4008B7EA3 /* Base */,
			);
			name = Main.storyboard;
			sourceTree = "<group>";
		};
		61091D661CDAF8E4008B7EA3 /* LaunchScreen.storyboard */ = {
			isa = PBXVariantGroup;
			children = (
				61091D671CDAF8E4008B7EA3 /* Base */,
			);
			name = LaunchScreen.storyboard;
			sourceTree = "<group>";
		};
/* End PBXVariantGroup section */

/* Begin XCBuildConfiguration section */
		61091D6A1CDAF8E4008B7EA3 /* Debug */ = {
			isa = XCBuildConfiguration;
			buildSettings = {
				ALWAYS_SEARCH_USER_PATHS = NO;
				CLANG_ANALYZER_NONNULL = YES;
				CLANG_CXX_LANGUAGE_STANDARD = "gnu++0x";
				CLANG_CXX_LIBRARY = "libc++";
				CLANG_ENABLE_MODULES = YES;
				CLANG_ENABLE_OBJC_ARC = YES;
				CLANG_WARN_BLOCK_CAPTURE_AUTORELEASING = YES;
				CLANG_WARN_BOOL_CONVERSION = YES;
				CLANG_WARN_COMMA = YES;
				CLANG_WARN_CONSTANT_CONVERSION = YES;
				CLANG_WARN_DIRECT_OBJC_ISA_USAGE = YES_ERROR;
				CLANG_WARN_EMPTY_BODY = YES;
				CLANG_WARN_ENUM_CONVERSION = YES;
				CLANG_WARN_INFINITE_RECURSION = YES;
				CLANG_WARN_INT_CONVERSION = YES;
				CLANG_WARN_NON_LITERAL_NULL_CONVERSION = YES;
				CLANG_WARN_OBJC_LITERAL_CONVERSION = YES;
				CLANG_WARN_OBJC_ROOT_CLASS = YES_ERROR;
				CLANG_WARN_RANGE_LOOP_ANALYSIS = YES;
				CLANG_WARN_STRICT_PROTOTYPES = YES;
				CLANG_WARN_SUSPICIOUS_MOVE = YES;
				CLANG_WARN_UNREACHABLE_CODE = YES;
				CLANG_WARN__DUPLICATE_METHOD_MATCH = YES;
				"CODE_SIGN_IDENTITY[sdk=iphoneos*]" = "iPhone Developer";
				COPY_PHASE_STRIP = NO;
				DEBUG_INFORMATION_FORMAT = dwarf;
				ENABLE_STRICT_OBJC_MSGSEND = YES;
				ENABLE_TESTABILITY = YES;
				GCC_C_LANGUAGE_STANDARD = gnu99;
				GCC_DYNAMIC_NO_PIC = NO;
				GCC_NO_COMMON_BLOCKS = YES;
				GCC_OPTIMIZATION_LEVEL = 0;
				GCC_PREPROCESSOR_DEFINITIONS = (
					"DEBUG=1",
					"$(inherited)",
				);
				GCC_WARN_64_TO_32_BIT_CONVERSION = YES;
				GCC_WARN_ABOUT_RETURN_TYPE = YES_ERROR;
				GCC_WARN_UNDECLARED_SELECTOR = YES;
				GCC_WARN_UNINITIALIZED_AUTOS = YES_AGGRESSIVE;
				GCC_WARN_UNUSED_FUNCTION = YES;
				GCC_WARN_UNUSED_VARIABLE = YES;
				IPHONEOS_DEPLOYMENT_TARGET = 9.3;
				MTL_ENABLE_DEBUG_INFO = YES;
				ONLY_ACTIVE_ARCH = YES;
				SDKROOT = iphoneos;
				SWIFT_OPTIMIZATION_LEVEL = "-Onone";
				TARGETED_DEVICE_FAMILY = "1,2";
			};
			name = Debug;
		};
		61091D6B1CDAF8E4008B7EA3 /* Release */ = {
			isa = XCBuildConfiguration;
			buildSettings = {
				ALWAYS_SEARCH_USER_PATHS = NO;
				CLANG_ANALYZER_NONNULL = YES;
				CLANG_CXX_LANGUAGE_STANDARD = "gnu++0x";
				CLANG_CXX_LIBRARY = "libc++";
				CLANG_ENABLE_MODULES = YES;
				CLANG_ENABLE_OBJC_ARC = YES;
				CLANG_WARN_BLOCK_CAPTURE_AUTORELEASING = YES;
				CLANG_WARN_BOOL_CONVERSION = YES;
				CLANG_WARN_COMMA = YES;
				CLANG_WARN_CONSTANT_CONVERSION = YES;
				CLANG_WARN_DIRECT_OBJC_ISA_USAGE = YES_ERROR;
				CLANG_WARN_EMPTY_BODY = YES;
				CLANG_WARN_ENUM_CONVERSION = YES;
				CLANG_WARN_INFINITE_RECURSION = YES;
				CLANG_WARN_INT_CONVERSION = YES;
				CLANG_WARN_NON_LITERAL_NULL_CONVERSION = YES;
				CLANG_WARN_OBJC_LITERAL_CONVERSION = YES;
				CLANG_WARN_OBJC_ROOT_CLASS = YES_ERROR;
				CLANG_WARN_RANGE_LOOP_ANALYSIS = YES;
				CLANG_WARN_STRICT_PROTOTYPES = YES;
				CLANG_WARN_SUSPICIOUS_MOVE = YES;
				CLANG_WARN_UNREACHABLE_CODE = YES;
				CLANG_WARN__DUPLICATE_METHOD_MATCH = YES;
				"CODE_SIGN_IDENTITY[sdk=iphoneos*]" = "iPhone Developer";
				COPY_PHASE_STRIP = NO;
				DEBUG_INFORMATION_FORMAT = "dwarf-with-dsym";
				ENABLE_NS_ASSERTIONS = NO;
				ENABLE_STRICT_OBJC_MSGSEND = YES;
				GCC_C_LANGUAGE_STANDARD = gnu99;
				GCC_NO_COMMON_BLOCKS = YES;
				GCC_WARN_64_TO_32_BIT_CONVERSION = YES;
				GCC_WARN_ABOUT_RETURN_TYPE = YES_ERROR;
				GCC_WARN_UNDECLARED_SELECTOR = YES;
				GCC_WARN_UNINITIALIZED_AUTOS = YES_AGGRESSIVE;
				GCC_WARN_UNUSED_FUNCTION = YES;
				GCC_WARN_UNUSED_VARIABLE = YES;
				IPHONEOS_DEPLOYMENT_TARGET = 9.3;
				MTL_ENABLE_DEBUG_INFO = NO;
				SDKROOT = iphoneos;
				SWIFT_OPTIMIZATION_LEVEL = "-Owholemodule";
				TARGETED_DEVICE_FAMILY = "1,2";
				VALIDATE_PRODUCT = YES;
			};
			name = Release;
		};
		61091D6D1CDAF8E4008B7EA3 /* Debug */ = {
			isa = XCBuildConfiguration;
			buildSettings = {
				ASSETCATALOG_COMPILER_APPICON_NAME = AppIcon;
				CLANG_ENABLE_MODULES = YES;
				CODE_SIGN_IDENTITY = "iPhone Developer";
				DEVELOPMENT_TEAM = BQN58WSC57;
				FRAMEWORK_SEARCH_PATHS = (
					"$(inherited)",
					"$(PROJECT_DIR)/CYUtils/ShareUtils/SDK/QQ",
				);
				INFOPLIST_FILE = CYUtilProjectSwift/Info.plist;
				IPHONEOS_DEPLOYMENT_TARGET = 8.0;
				LD_RUNPATH_SEARCH_PATHS = "$(inherited) @executable_path/Frameworks";
				PRODUCT_BUNDLE_IDENTIFIER = com.Jasper.CYUtilProjectSwift;
				PRODUCT_NAME = "$(TARGET_NAME)";
				SWIFT_OBJC_BRIDGING_HEADER = "CYUtilProjectSwift/CYUtilProjectSwift-Bridging-Header.h";
				SWIFT_OPTIMIZATION_LEVEL = "-Onone";
				SWIFT_SWIFT3_OBJC_INFERENCE = On;
				SWIFT_VERSION = 4.0;
			};
			name = Debug;
		};
		61091D6E1CDAF8E4008B7EA3 /* Release */ = {
			isa = XCBuildConfiguration;
			buildSettings = {
				ASSETCATALOG_COMPILER_APPICON_NAME = AppIcon;
				CLANG_ENABLE_MODULES = YES;
				CODE_SIGN_IDENTITY = "iPhone Distribution";
				DEVELOPMENT_TEAM = BQN58WSC57;
				FRAMEWORK_SEARCH_PATHS = (
					"$(inherited)",
					"$(PROJECT_DIR)/CYUtils/ShareUtils/SDK/QQ",
				);
				INFOPLIST_FILE = CYUtilProjectSwift/Info.plist;
				IPHONEOS_DEPLOYMENT_TARGET = 8.0;
				LD_RUNPATH_SEARCH_PATHS = "$(inherited) @executable_path/Frameworks";
				PRODUCT_BUNDLE_IDENTIFIER = com.Jasper.CYUtilProjectSwift;
				PRODUCT_NAME = "$(TARGET_NAME)";
				SWIFT_OBJC_BRIDGING_HEADER = "CYUtilProjectSwift/CYUtilProjectSwift-Bridging-Header.h";
				SWIFT_SWIFT3_OBJC_INFERENCE = On;
				SWIFT_VERSION = 4.0;
			};
			name = Release;
		};
		A37AEA531F468898007B3C23 /* Debug */ = {
			isa = XCBuildConfiguration;
			buildSettings = {
				BUNDLE_LOADER = "$(TEST_HOST)";
				CLANG_ANALYZER_NUMBER_OBJECT_CONVERSION = YES_AGGRESSIVE;
				CLANG_WARN_DOCUMENTATION_COMMENTS = YES;
				DEVELOPMENT_TEAM = BQN58WSC57;
				INFOPLIST_FILE = CYUtilProjectSwiftTests/Info.plist;
				IPHONEOS_DEPLOYMENT_TARGET = 10.3;
				LD_RUNPATH_SEARCH_PATHS = "$(inherited) @executable_path/Frameworks @loader_path/Frameworks";
				PRODUCT_BUNDLE_IDENTIFIER = "com.-qguanzi.CYUtilProjectSwiftTests";
				PRODUCT_NAME = "$(TARGET_NAME)";
				SWIFT_ACTIVE_COMPILATION_CONDITIONS = DEBUG;
				SWIFT_SWIFT3_OBJC_INFERENCE = On;
				SWIFT_VERSION = 4.0;
				TEST_HOST = "$(BUILT_PRODUCTS_DIR)/CYUtilProjectSwift.app/CYUtilProjectSwift";
			};
			name = Debug;
		};
		A37AEA541F468898007B3C23 /* Release */ = {
			isa = XCBuildConfiguration;
			buildSettings = {
				BUNDLE_LOADER = "$(TEST_HOST)";
				CLANG_ANALYZER_NUMBER_OBJECT_CONVERSION = YES_AGGRESSIVE;
				CLANG_WARN_DOCUMENTATION_COMMENTS = YES;
				DEVELOPMENT_TEAM = BQN58WSC57;
				INFOPLIST_FILE = CYUtilProjectSwiftTests/Info.plist;
				IPHONEOS_DEPLOYMENT_TARGET = 10.3;
				LD_RUNPATH_SEARCH_PATHS = "$(inherited) @executable_path/Frameworks @loader_path/Frameworks";
				PRODUCT_BUNDLE_IDENTIFIER = "com.-qguanzi.CYUtilProjectSwiftTests";
				PRODUCT_NAME = "$(TARGET_NAME)";
				SWIFT_SWIFT3_OBJC_INFERENCE = On;
				SWIFT_VERSION = 4.0;
				TEST_HOST = "$(BUILT_PRODUCTS_DIR)/CYUtilProjectSwift.app/CYUtilProjectSwift";
			};
			name = Release;
		};
/* End XCBuildConfiguration section */

/* Begin XCConfigurationList section */
		61091D551CDAF8E4008B7EA3 /* Build configuration list for PBXProject "CYUtilProjectSwift" */ = {
			isa = XCConfigurationList;
			buildConfigurations = (
				61091D6A1CDAF8E4008B7EA3 /* Debug */,
				61091D6B1CDAF8E4008B7EA3 /* Release */,
			);
			defaultConfigurationIsVisible = 0;
			defaultConfigurationName = Release;
		};
		61091D6C1CDAF8E4008B7EA3 /* Build configuration list for PBXNativeTarget "CYUtilProjectSwift" */ = {
			isa = XCConfigurationList;
			buildConfigurations = (
				61091D6D1CDAF8E4008B7EA3 /* Debug */,
				61091D6E1CDAF8E4008B7EA3 /* Release */,
			);
			defaultConfigurationIsVisible = 0;
			defaultConfigurationName = Release;
		};
		A37AEA551F468898007B3C23 /* Build configuration list for PBXNativeTarget "CYUtilProjectSwiftTests" */ = {
			isa = XCConfigurationList;
			buildConfigurations = (
				A37AEA531F468898007B3C23 /* Debug */,
				A37AEA541F468898007B3C23 /* Release */,
			);
			defaultConfigurationIsVisible = 0;
			defaultConfigurationName = Release;
		};
/* End XCConfigurationList section */
	};
	rootObject = 61091D521CDAF8E4008B7EA3 /* Project object */;
}
